
Microsoft Visual Studio Solution File, Format Version 12.00
# Visual Studio Version 17
VisualStudioVersion = 17.0.31903.59
MinimumVisualStudioVersion = 10.0.40219.1
Project("{2150E333-8FDC-42A3-9474-1A3956D46DE8}") = "src", "src", "{C5AF407F-188A-4649-BD3A-E82095166831}"
EndProject
Project("{2150E333-8FDC-42A3-9474-1A3956D46DE8}") = "tests", "tests", "{13A8A731-0D25-4154-82A8-83313D03F1C9}"
EndProject
Project("{FAE04EC0-301F-11D3-BF4B-00C04F79EFBC}") = "GraphKit", "src\GraphKit\GraphKit.csproj", "{C429D4FE-632F-4F5F-B320-4DE127FC295D}"
EndProject
Project("{FAE04EC0-301F-11D3-BF4B-00C04F79EFBC}") = "FlowGrep", "src\FlowGrep\FlowGrep.csproj", "{93FAA72C-0C27-4B15-8A78-725EEC8A5426}"
EndProject
Project("{FAE04EC0-301F-11D3-BF4B-00C04F79EFBC}") = "Sample.Web", "src\Sample.Web\Sample.Web.csproj", "{4E326F1E-57C7-4F69-9C98-0D55978A8577}"
EndProject
Project("{FAE04EC0-301F-11D3-BF4B-00C04F79EFBC}") = "Sample.App", "src\Sample.App\Sample.App.csproj", "{D4069340-55E2-42D0-9E57-8BE16CED6584}"
EndProject
Project("{FAE04EC0-301F-11D3-BF4B-00C04F79EFBC}") = "Sample.Data", "src\Sample.Data\Sample.Data.csproj", "{5E136A96-7087-4A35-B933-924D383E3078}"
EndProject
Project("{FAE04EC0-301F-11D3-BF4B-00C04F79EFBC}") = "Sample.Msg", "src\Sample.Msg\Sample.Msg.csproj", "{34254CFA-6EE4-447B-84D6-EC29FDBB6252}"
EndProject
Project("{FAE04EC0-301F-11D3-BF4B-00C04F79EFBC}") = "Sample.ReportsApi", "src\Sample.ReportsApi\Sample.ReportsApi.csproj", "{EE31F9D0-FA31-4EA3-A923-B3F5D9430495}"
EndProject
Project("{FAE04EC0-301F-11D3-BF4B-00C04F79EFBC}") = "GraphKit.Tests", "tests\GraphKit.Tests\GraphKit.Tests.csproj", "{F9EFDB2C-3162-4624-823F-D2BB5F0AF609}"
EndProject
Global
	GlobalSection(SolutionConfigurationPlatforms) = preSolution
		Debug|Any CPU = Debug|Any CPU
		Release|Any CPU = Release|Any CPU
	EndGlobalSection
	GlobalSection(SolutionProperties) = preSolution
		HideSolutionNode = FALSE
	EndGlobalSection
	GlobalSection(ProjectConfigurationPlatforms) = postSolution
		{C429D4FE-632F-4F5F-B320-4DE127FC295D}.Debug|Any CPU.ActiveCfg = Debug|Any CPU
		{C429D4FE-632F-4F5F-B320-4DE127FC295D}.Debug|Any CPU.Build.0 = Debug|Any CPU
		{C429D4FE-632F-4F5F-B320-4DE127FC295D}.Release|Any CPU.ActiveCfg = Release|Any CPU
		{C429D4FE-632F-4F5F-B320-4DE127FC295D}.Release|Any CPU.Build.0 = Release|Any CPU
		{93FAA72C-0C27-4B15-8A78-725EEC8A5426}.Debug|Any CPU.ActiveCfg = Debug|Any CPU
		{93FAA72C-0C27-4B15-8A78-725EEC8A5426}.Debug|Any CPU.Build.0 = Debug|Any CPU
		{93FAA72C-0C27-4B15-8A78-725EEC8A5426}.Release|Any CPU.ActiveCfg = Release|Any CPU
		{93FAA72C-0C27-4B15-8A78-725EEC8A5426}.Release|Any CPU.Build.0 = Release|Any CPU
		{4E326F1E-57C7-4F69-9C98-0D55978A8577}.Debug|Any CPU.ActiveCfg = Debug|Any CPU
		{4E326F1E-57C7-4F69-9C98-0D55978A8577}.Debug|Any CPU.Build.0 = Debug|Any CPU
		{4E326F1E-57C7-4F69-9C98-0D55978A8577}.Release|Any CPU.ActiveCfg = Release|Any CPU
		{4E326F1E-57C7-4F69-9C98-0D55978A8577}.Release|Any CPU.Build.0 = Release|Any CPU
		{D4069340-55E2-42D0-9E57-8BE16CED6584}.Debug|Any CPU.ActiveCfg = Debug|Any CPU
		{D4069340-55E2-42D0-9E57-8BE16CED6584}.Debug|Any CPU.Build.0 = Debug|Any CPU
		{D4069340-55E2-42D0-9E57-8BE16CED6584}.Release|Any CPU.ActiveCfg = Release|Any CPU
		{D4069340-55E2-42D0-9E57-8BE16CED6584}.Release|Any CPU.Build.0 = Release|Any CPU
		{5E136A96-7087-4A35-B933-924D383E3078}.Debug|Any CPU.ActiveCfg = Debug|Any CPU
		{5E136A96-7087-4A35-B933-924D383E3078}.Debug|Any CPU.Build.0 = Debug|Any CPU
		{5E136A96-7087-4A35-B933-924D383E3078}.Release|Any CPU.ActiveCfg = Release|Any CPU
		{5E136A96-7087-4A35-B933-924D383E3078}.Release|Any CPU.Build.0 = Release|Any CPU
		{34254CFA-6EE4-447B-84D6-EC29FDBB6252}.Debug|Any CPU.ActiveCfg = Debug|Any CPU
		{34254CFA-6EE4-447B-84D6-EC29FDBB6252}.Debug|Any CPU.Build.0 = Debug|Any CPU
		{34254CFA-6EE4-447B-84D6-EC29FDBB6252}.Release|Any CPU.ActiveCfg = Release|Any CPU
		{34254CFA-6EE4-447B-84D6-EC29FDBB6252}.Release|Any CPU.Build.0 = Release|Any CPU
                {EE31F9D0-FA31-4EA3-A923-B3F5D9430495}.Debug|Any CPU.ActiveCfg = Debug|Any CPU
                {EE31F9D0-FA31-4EA3-A923-B3F5D9430495}.Debug|Any CPU.Build.0 = Debug|Any CPU
                {EE31F9D0-FA31-4EA3-A923-B3F5D9430495}.Release|Any CPU.ActiveCfg = Release|Any CPU
                {EE31F9D0-FA31-4EA3-A923-B3F5D9430495}.Release|Any CPU.Build.0 = Release|Any CPU
                {F9EFDB2C-3162-4624-823F-D2BB5F0AF609}.Debug|Any CPU.ActiveCfg = Debug|Any CPU
                {F9EFDB2C-3162-4624-823F-D2BB5F0AF609}.Debug|Any CPU.Build.0 = Debug|Any CPU
                {F9EFDB2C-3162-4624-823F-D2BB5F0AF609}.Release|Any CPU.ActiveCfg = Release|Any CPU
                {F9EFDB2C-3162-4624-823F-D2BB5F0AF609}.Release|Any CPU.Build.0 = Release|Any CPU
        EndGlobalSection
        GlobalSection(NestedProjects) = preSolution
                {C429D4FE-632F-4F5F-B320-4DE127FC295D} = {C5AF407F-188A-4649-BD3A-E82095166831}
                {93FAA72C-0C27-4B15-8A78-725EEC8A5426} = {C5AF407F-188A-4649-BD3A-E82095166831}
                {4E326F1E-57C7-4F69-9C98-0D55978A8577} = {C5AF407F-188A-4649-BD3A-E82095166831}
		{D4069340-55E2-42D0-9E57-8BE16CED6584} = {C5AF407F-188A-4649-BD3A-E82095166831}
                {5E136A96-7087-4A35-B933-924D383E3078} = {C5AF407F-188A-4649-BD3A-E82095166831}
                {34254CFA-6EE4-447B-84D6-EC29FDBB6252} = {C5AF407F-188A-4649-BD3A-E82095166831}
                {EE31F9D0-FA31-4EA3-A923-B3F5D9430495} = {C5AF407F-188A-4649-BD3A-E82095166831}
                {F9EFDB2C-3162-4624-823F-D2BB5F0AF609} = {13A8A731-0D25-4154-82A8-83313D03F1C9}
        EndGlobalSection
EndGlobal
